{
  "nodes": {
    "nixpkgs": {
      "locked": {
        "lastModified": 1618801528,
        "narHash": "sha256-1ru9LzP33ElEAZcDzYLgJQG3/uHhAg0LFJEfVZSOPZg=",
        "owner": "NixOS",
        "repo": "nixpkgs",
        "rev": "0a5f5bab0e08e968ef25cff393312aa51a3512cf",
        "type": "github"
      },
      "original": {
        "owner": "NixOS",
        "ref": "nixos-unstable",
        "repo": "nixpkgs",
        "type": "github"
      }
    },
    "nixpkgs_2": {
      "locked": {
        "lastModified": 1613917044,
        "narHash": "sha256-YvBBwtvrnove51SXQ67OVQHctYjEEpFu6GEzRe0pp5I=",
        "owner": "NixOS",
        "repo": "nixpkgs",
        "rev": "aed173ff9707387b238c1c7e143152ca9d8878e9",
        "type": "github"
      },
      "original": {
        "owner": "NixOS",
        "ref": "nixpkgs-unstable",
        "repo": "nixpkgs",
        "type": "github"
      }
    },
    "root": {
      "inputs": {
        "nixpkgs": "nixpkgs",
        "sops-nix": "sops-nix"
      }
    },
    "sops-nix": {
      "inputs": {
        "nixpkgs": "nixpkgs_2"
      },
      "locked": {
        "lastModified": 1618840526,
        "narHash": "sha256-3VAac44xE+kO8o7BQXLqHrAMUQT+XqIK8BcLkEEDwOA=",
        "owner": "Mic92",
        "repo": "sops-nix",
        "rev": "4f384662a85804fa2bc1bc1f99e70bb468e76f88",
        "type": "github"
      },
      "original": {
        "owner": "Mic92",
        "repo": "sops-nix",
        "type": "github"
      }
    }
  },
  "root": "root",
  "version": 7
}
