{
  "nodes": {
    "nixpkgs": {
      "locked": {
        "lastModified": 1615259932,
        "narHash": "sha256-IXecmbqCr+XCtFwzBO3tHEd8PoJ4X4EyPZebKbV2ioE=",
        "owner": "NixOS",
        "repo": "nixpkgs",
        "rev": "29b0d4d0b600f8f5dd0b86e3362a33d4181938f9",
        "type": "github"
      },
      "original": {
        "owner": "NixOS",
        "ref": "nixos-unstable",
        "repo": "nixpkgs",
        "type": "github"
      }
    },
    "nixpkgs_2": {
      "locked": {
        "lastModified": 1613917044,
        "narHash": "sha256-YvBBwtvrnove51SXQ67OVQHctYjEEpFu6GEzRe0pp5I=",
        "owner": "NixOS",
        "repo": "nixpkgs",
        "rev": "aed173ff9707387b238c1c7e143152ca9d8878e9",
        "type": "github"
      },
      "original": {
        "owner": "NixOS",
        "ref": "nixpkgs-unstable",
        "repo": "nixpkgs",
        "type": "github"
      }
    },
    "root": {
      "inputs": {
        "nixpkgs": "nixpkgs",
        "sops-nix": "sops-nix"
      }
    },
    "sops-nix": {
      "inputs": {
        "nixpkgs": "nixpkgs_2"
      },
      "locked": {
        "lastModified": 1615031779,
        "narHash": "sha256-uCdrsI0poKOAt0BxxjbLMNY6bOZNrDxOTAx4DQQTAEM=",
        "owner": "Mic92",
        "repo": "sops-nix",
        "rev": "137d387e784783eac52dfd9d1b35227eb0c211f1",
        "type": "github"
      },
      "original": {
        "owner": "Mic92",
        "repo": "sops-nix",
        "type": "github"
      }
    }
  },
  "root": "root",
  "version": 7
}
